
Microsoft Visual Studio Solution File, Format Version 12.00
# Visual Studio Version 16
VisualStudioVersion = 16.0.30002.166
MinimumVisualStudioVersion = 10.0.40219.1
Project("{FAE04EC0-301F-11D3-BF4B-00C04F79EFBC}") = "DS-Lab6(1)", "DS-Lab6(1)\DS-Lab6(1).csproj", "{2299A4D8-C3C4-40E4-8E46-43E10C93528B}"
EndProject
Global
	GlobalSection(SolutionConfigurationPlatforms) = preSolution
		Debug|Any CPU = Debug|Any CPU
		Release|Any CPU = Release|Any CPU
	EndGlobalSection
	GlobalSection(ProjectConfigurationPlatforms) = postSolution
		{2299A4D8-C3C4-40E4-8E46-43E10C93528B}.Debug|Any CPU.ActiveCfg = Debug|Any CPU
		{2299A4D8-C3C4-40E4-8E46-43E10C93528B}.Debug|Any CPU.Build.0 = Debug|Any CPU
		{2299A4D8-C3C4-40E4-8E46-43E10C93528B}.Release|Any CPU.ActiveCfg = Release|Any CPU
		{2299A4D8-C3C4-40E4-8E46-43E10C93528B}.Release|Any CPU.Build.0 = Release|Any CPU
	EndGlobalSection
	GlobalSection(SolutionProperties) = preSolution
		HideSolutionNode = FALSE
	EndGlobalSection
	GlobalSection(ExtensibilityGlobals) = postSolution
		SolutionGuid = {A889B1D3-BF3B-4811-A437-4468D3DC2A4E}
	EndGlobalSection
EndGlobal
